
Microsoft Visual Studio Solution File, Format Version 12.00
# Visual Studio 15
VisualStudioVersion = 15.0.27130.2010
MinimumVisualStudioVersion = 10.0.40219.1
Project("{FAE04EC0-301F-11D3-BF4B-00C04F79EFBC}") = "GH.MongoDb.Interfaces", "GH.MongoDb.Interfaces\GH.MongoDb.Interfaces.csproj", "{0EAA22EE-BC74-4564-992F-60C2384176F2}"
EndProject
Project("{FAE04EC0-301F-11D3-BF4B-00C04F79EFBC}") = "GH.MongoDb.Repository", "GH.MongoDb.Repository\GH.MongoDb.Repository.csproj", "{CFA76EA2-7226-44EE-A944-B01C108F5D0F}"
EndProject
Project("{FAE04EC0-301F-11D3-BF4B-00C04F79EFBC}") = "GH.MongoDb.Repository.BucketExtension", "GH.MongoDb.Repository.BucketExtension\GH.MongoDb.Repository.BucketExtension.csproj", "{D99CD152-B65E-4B1B-99EE-1C8D071D2785}"
EndProject
Project("{FAE04EC0-301F-11D3-BF4B-00C04F79EFBC}") = "GH.MongoDb.Repository.GeoExtension", "GH.MongoDb.Repository.GeoExtension\GH.MongoDb.Repository.GeoExtension.csproj", "{82930142-F195-49DA-A206-9A3B7DB81A74}"
EndProject
Global
	GlobalSection(SolutionConfigurationPlatforms) = preSolution
		Debug|Any CPU = Debug|Any CPU
		Release|Any CPU = Release|Any CPU
	EndGlobalSection
	GlobalSection(ProjectConfigurationPlatforms) = postSolution
		{0EAA22EE-BC74-4564-992F-60C2384176F2}.Debug|Any CPU.ActiveCfg = Debug|Any CPU
		{0EAA22EE-BC74-4564-992F-60C2384176F2}.Debug|Any CPU.Build.0 = Debug|Any CPU
		{0EAA22EE-BC74-4564-992F-60C2384176F2}.Release|Any CPU.ActiveCfg = Release|Any CPU
		{0EAA22EE-BC74-4564-992F-60C2384176F2}.Release|Any CPU.Build.0 = Release|Any CPU
		{CFA76EA2-7226-44EE-A944-B01C108F5D0F}.Debug|Any CPU.ActiveCfg = Debug|Any CPU
		{CFA76EA2-7226-44EE-A944-B01C108F5D0F}.Debug|Any CPU.Build.0 = Debug|Any CPU
		{CFA76EA2-7226-44EE-A944-B01C108F5D0F}.Release|Any CPU.ActiveCfg = Release|Any CPU
		{CFA76EA2-7226-44EE-A944-B01C108F5D0F}.Release|Any CPU.Build.0 = Release|Any CPU
		{D99CD152-B65E-4B1B-99EE-1C8D071D2785}.Debug|Any CPU.ActiveCfg = Debug|Any CPU
		{D99CD152-B65E-4B1B-99EE-1C8D071D2785}.Debug|Any CPU.Build.0 = Debug|Any CPU
		{D99CD152-B65E-4B1B-99EE-1C8D071D2785}.Release|Any CPU.ActiveCfg = Release|Any CPU
		{D99CD152-B65E-4B1B-99EE-1C8D071D2785}.Release|Any CPU.Build.0 = Release|Any CPU
		{82930142-F195-49DA-A206-9A3B7DB81A74}.Debug|Any CPU.ActiveCfg = Debug|Any CPU
		{82930142-F195-49DA-A206-9A3B7DB81A74}.Debug|Any CPU.Build.0 = Debug|Any CPU
		{82930142-F195-49DA-A206-9A3B7DB81A74}.Release|Any CPU.ActiveCfg = Release|Any CPU
		{82930142-F195-49DA-A206-9A3B7DB81A74}.Release|Any CPU.Build.0 = Release|Any CPU
	EndGlobalSection
	GlobalSection(SolutionProperties) = preSolution
		HideSolutionNode = FALSE
	EndGlobalSection
	GlobalSection(ExtensibilityGlobals) = postSolution
		SolutionGuid = {A74B869B-5F9B-4C61-8C19-1B222BA6F8F8}
	EndGlobalSection
EndGlobal
